%{"bullet": {:git, "git://github.com/extend/bullet.git", "46fbd90698130ea3d93d32118d19e3e480867194", []},
  "conform": {:hex, :conform, "0.13.0"},
  "cowboy": {:git, "git://github.com/ninenines/cowboy.git", "db52494371ea249f38d51108c7d79cf487ff6374", [tag: "0.9.0"]},
  "cowlib": {:git, "git://github.com/extend/cowlib.git", "63298e8e160031a70efff86a1acde7e7db1fcda6", [ref: "0.4.0"]},
  "exactor": {:git, "git://github.com/sasa1977/exactor.git", "0467f8100bc735405d597dbf94996195eb31e0b6", [tag: "0467f8100bc735405d597dbf94996195eb31e0b6"]},
  "exrm": {:git, "git://github.com/bitwalker/exrm.git", "bebc97c7707b6019a2790132b16653418f25afdc", []},
  "extask": {:git, "git://github.com/timCF/extask.git", "691cc1a515750bead8b81ed6c13cddbcf115d754", []},
  "exutils": {:git, "git://github.com/timCF/exutils.git", "06c4144ba17ca1f4e83da5cf94859dfa2a38800b", []},
  "hashex": {:git, "git://github.com/timCF/hashex.git", "cc6b4307daa1ab18c94cdd33bf3cb8a3dab28b96", []},
  "jazz": {:git, "git://github.com/meh/jazz.git", "49f335492aca5516495199dd81dd18b845ebaa69", []},
  "ranch": {:git, "git://github.com/extend/ranch.git", "5df1f222f94e08abdcab7084f5e13027143cc222", [ref: "0.9.0"]},
  "silverb": {:git, "git://github.com/timCF/silverb.git", "981428205aaccd9badbd9bfe8e17cc3fc4551c89", []}}
